
Microsoft Visual Studio Solution File, Format Version 12.00
# Visual Studio Version 16
VisualStudioVersion = 16.0.29728.190
MinimumVisualStudioVersion = 10.0.40219.1
Project("{FAE04EC0-301F-11D3-BF4B-00C04F79EFBC}") = "TcrmApi", "TcrmApi\TcrmApi.csproj", "{798CA8F4-6CEB-4C6E-B008-F112F5733E29}"
EndProject
Global
	GlobalSection(SolutionConfigurationPlatforms) = preSolution
		Debug|Any CPU = Debug|Any CPU
		Release|Any CPU = Release|Any CPU
	EndGlobalSection
	GlobalSection(ProjectConfigurationPlatforms) = postSolution
		{798CA8F4-6CEB-4C6E-B008-F112F5733E29}.Debug|Any CPU.ActiveCfg = Debug|Any CPU
		{798CA8F4-6CEB-4C6E-B008-F112F5733E29}.Debug|Any CPU.Build.0 = Debug|Any CPU
		{798CA8F4-6CEB-4C6E-B008-F112F5733E29}.Release|Any CPU.ActiveCfg = Release|Any CPU
		{798CA8F4-6CEB-4C6E-B008-F112F5733E29}.Release|Any CPU.Build.0 = Release|Any CPU
	EndGlobalSection
	GlobalSection(SolutionProperties) = preSolution
		HideSolutionNode = FALSE
	EndGlobalSection
	GlobalSection(ExtensibilityGlobals) = postSolution
		SolutionGuid = {0826E407-9D3F-4B4C-BD60-4D93D955D33E}
	EndGlobalSection
EndGlobal
